
Microsoft Visual Studio Solution File, Format Version 12.00
# Visual Studio 15
VisualStudioVersion = 15.0.28307.757
MinimumVisualStudioVersion = 10.0.40219.1
Project("{FAE04EC0-301F-11D3-BF4B-00C04F79EFBC}") = "EL1Repechaje", "EL1Repechaje\EL1Repechaje.csproj", "{44132F93-B9DC-48E5-967B-AE12A24FD854}"
EndProject
Global
	GlobalSection(SolutionConfigurationPlatforms) = preSolution
		Debug|Any CPU = Debug|Any CPU
		Release|Any CPU = Release|Any CPU
	EndGlobalSection
	GlobalSection(ProjectConfigurationPlatforms) = postSolution
		{44132F93-B9DC-48E5-967B-AE12A24FD854}.Debug|Any CPU.ActiveCfg = Debug|Any CPU
		{44132F93-B9DC-48E5-967B-AE12A24FD854}.Debug|Any CPU.Build.0 = Debug|Any CPU
		{44132F93-B9DC-48E5-967B-AE12A24FD854}.Release|Any CPU.ActiveCfg = Release|Any CPU
		{44132F93-B9DC-48E5-967B-AE12A24FD854}.Release|Any CPU.Build.0 = Release|Any CPU
	EndGlobalSection
	GlobalSection(SolutionProperties) = preSolution
		HideSolutionNode = FALSE
	EndGlobalSection
	GlobalSection(ExtensibilityGlobals) = postSolution
		SolutionGuid = {89F3EB7A-24CB-43CF-8791-324C0546E558}
	EndGlobalSection
EndGlobal
